
Microsoft Visual Studio Solution File, Format Version 12.00
# Visual Studio Version 17
VisualStudioVersion = 17.11.35312.102
MinimumVisualStudioVersion = 10.0.40219.1
Project("{FAE04EC0-301F-11D3-BF4B-00C04F79EFBC}") = "FolderBackuper", "FolderBackuper\FolderBackuper.csproj", "{5024F6F1-CDCC-4A15-9A11-9E09AC3FCBA7}"
EndProject
Project("{54435603-DBB4-11D2-8724-00A0C9A8B90C}") = "Setup1", "Setup1\Setup1.vdproj", "{CE800CE2-BB2F-4FD6-8CE3-054AF0703C75}"
EndProject
Global
	GlobalSection(SolutionConfigurationPlatforms) = preSolution
		Debug|Any CPU = Debug|Any CPU
		Release|Any CPU = Release|Any CPU
	EndGlobalSection
	GlobalSection(ProjectConfigurationPlatforms) = postSolution
		{5024F6F1-CDCC-4A15-9A11-9E09AC3FCBA7}.Debug|Any CPU.ActiveCfg = Debug|Any CPU
		{5024F6F1-CDCC-4A15-9A11-9E09AC3FCBA7}.Debug|Any CPU.Build.0 = Debug|Any CPU
		{5024F6F1-CDCC-4A15-9A11-9E09AC3FCBA7}.Release|Any CPU.ActiveCfg = Release|Any CPU
		{5024F6F1-CDCC-4A15-9A11-9E09AC3FCBA7}.Release|Any CPU.Build.0 = Release|Any CPU
		{CE800CE2-BB2F-4FD6-8CE3-054AF0703C75}.Debug|Any CPU.ActiveCfg = Debug
		{CE800CE2-BB2F-4FD6-8CE3-054AF0703C75}.Release|Any CPU.ActiveCfg = Release
	EndGlobalSection
	GlobalSection(SolutionProperties) = preSolution
		HideSolutionNode = FALSE
	EndGlobalSection
	GlobalSection(ExtensibilityGlobals) = postSolution
		SolutionGuid = {64C2A458-0D08-4C92-A2A1-A09D4412426C}
	EndGlobalSection
EndGlobal
